
Microsoft Visual Studio Solution File, Format Version 12.00
# Visual Studio 15
VisualStudioVersion = 15.0.28010.2046
MinimumVisualStudioVersion = 10.0.40219.1
Project("{FAE04EC0-301F-11D3-BF4B-00C04F79EFBC}") = "Zad_4", "Zad_4\Zad_4.csproj", "{DCF9F208-45E5-4777-8363-9A6CD98861D3}"
EndProject
Global
	GlobalSection(SolutionConfigurationPlatforms) = preSolution
		Debug|Any CPU = Debug|Any CPU
		Release|Any CPU = Release|Any CPU
	EndGlobalSection
	GlobalSection(ProjectConfigurationPlatforms) = postSolution
		{DCF9F208-45E5-4777-8363-9A6CD98861D3}.Debug|Any CPU.ActiveCfg = Debug|Any CPU
		{DCF9F208-45E5-4777-8363-9A6CD98861D3}.Debug|Any CPU.Build.0 = Debug|Any CPU
		{DCF9F208-45E5-4777-8363-9A6CD98861D3}.Release|Any CPU.ActiveCfg = Release|Any CPU
		{DCF9F208-45E5-4777-8363-9A6CD98861D3}.Release|Any CPU.Build.0 = Release|Any CPU
	EndGlobalSection
	GlobalSection(SolutionProperties) = preSolution
		HideSolutionNode = FALSE
	EndGlobalSection
	GlobalSection(ExtensibilityGlobals) = postSolution
		SolutionGuid = {66289946-8018-4AFA-97CA-BC2FB97955FA}
	EndGlobalSection
EndGlobal
