
Microsoft Visual Studio Solution File, Format Version 12.00
# Visual Studio 15
VisualStudioVersion = 15.0.28010.2046
MinimumVisualStudioVersion = 10.0.40219.1
Project("{FAE04EC0-301F-11D3-BF4B-00C04F79EFBC}") = "Zad_8", "Zad_8\Zad_8.csproj", "{ADBB317B-7DD8-4EEC-B432-709F48EA7D86}"
EndProject
Global
	GlobalSection(SolutionConfigurationPlatforms) = preSolution
		Debug|Any CPU = Debug|Any CPU
		Release|Any CPU = Release|Any CPU
	EndGlobalSection
	GlobalSection(ProjectConfigurationPlatforms) = postSolution
		{ADBB317B-7DD8-4EEC-B432-709F48EA7D86}.Debug|Any CPU.ActiveCfg = Debug|Any CPU
		{ADBB317B-7DD8-4EEC-B432-709F48EA7D86}.Debug|Any CPU.Build.0 = Debug|Any CPU
		{ADBB317B-7DD8-4EEC-B432-709F48EA7D86}.Release|Any CPU.ActiveCfg = Release|Any CPU
		{ADBB317B-7DD8-4EEC-B432-709F48EA7D86}.Release|Any CPU.Build.0 = Release|Any CPU
	EndGlobalSection
	GlobalSection(SolutionProperties) = preSolution
		HideSolutionNode = FALSE
	EndGlobalSection
	GlobalSection(ExtensibilityGlobals) = postSolution
		SolutionGuid = {BBE61F44-4E0B-4008-81EC-02CCBB00AE0B}
	EndGlobalSection
EndGlobal
